// !$*UTF8*$!
{
	archiveVersion = 1;
	classes = {
	};
	objectVersion = 55;
	objects = {

/* Begin PBXBuildFile section */
		4966D9B127BC1D0000F9C37F /* Tests_iOS.swift in Sources */ = {isa = PBXBuildFile; fileRef = 4966D9B027BC1D0000F9C37F /* Tests_iOS.swift */; };
		4966D9B327BC1D0000F9C37F /* Tests_iOSLaunchTests.swift in Sources */ = {isa = PBXBuildFile; fileRef = 4966D9B227BC1D0000F9C37F /* Tests_iOSLaunchTests.swift */; };
		4966D9BD27BC1D0000F9C37F /* Tests_macOS.swift in Sources */ = {isa = PBXBuildFile; fileRef = 4966D9BC27BC1D0000F9C37F /* Tests_macOS.swift */; };
		4966D9BF27BC1D0000F9C37F /* Tests_macOSLaunchTests.swift in Sources */ = {isa = PBXBuildFile; fileRef = 4966D9BE27BC1D0000F9C37F /* Tests_macOSLaunchTests.swift */; };
		4966D9C027BC1D0000F9C37F /* SperimentareApp.swift in Sources */ = {isa = PBXBuildFile; fileRef = 4966D99827BC1CFF00F9C37F /* SperimentareApp.swift */; };
		4966D9C127BC1D0000F9C37F /* SperimentareApp.swift in Sources */ = {isa = PBXBuildFile; fileRef = 4966D99827BC1CFF00F9C37F /* SperimentareApp.swift */; };
		4966D9C227BC1D0000F9C37F /* ContentView.swift in Sources */ = {isa = PBXBuildFile; fileRef = 4966D99927BC1CFF00F9C37F /* ContentView.swift */; };
		4966D9C327BC1D0000F9C37F /* ContentView.swift in Sources */ = {isa = PBXBuildFile; fileRef = 4966D99927BC1CFF00F9C37F /* ContentView.swift */; };
		4966D9C427BC1D0000F9C37F /* Assets.xcassets in Resources */ = {isa = PBXBuildFile; fileRef = 4966D99A27BC1D0000F9C37F /* Assets.xcassets */; };
		4966D9C527BC1D0000F9C37F /* Assets.xcassets in Resources */ = {isa = PBXBuildFile; fileRef = 4966D99A27BC1D0000F9C37F /* Assets.xcassets */; };
		4966D9D527BC606500F9C37F /* Inspiration.swift in Sources */ = {isa = PBXBuildFile; fileRef = 4966D9D427BC606500F9C37F /* Inspiration.swift */; };
		4966D9D627BC606500F9C37F /* Inspiration.swift in Sources */ = {isa = PBXBuildFile; fileRef = 4966D9D427BC606500F9C37F /* Inspiration.swift */; };
		4966D9D827BC608D00F9C37F /* Search.swift in Sources */ = {isa = PBXBuildFile; fileRef = 4966D9D727BC608D00F9C37F /* Search.swift */; };
		4966D9D927BC608D00F9C37F /* Search.swift in Sources */ = {isa = PBXBuildFile; fileRef = 4966D9D727BC608D00F9C37F /* Search.swift */; };
		49CB6EFC27BDB42F005BA3C9 /* himalaya.png in Resources */ = {isa = PBXBuildFile; fileRef = 49CB6EFB27BDB42F005BA3C9 /* himalaya.png */; };
		49CB6EFE27BDB53B005BA3C9 /* NotSureView.swift in Sources */ = {isa = PBXBuildFile; fileRef = 49CB6EFD27BDB53B005BA3C9 /* NotSureView.swift */; };
		49CB6F0027BDB562005BA3C9 /* Experiences.swift in Sources */ = {isa = PBXBuildFile; fileRef = 49CB6EFF27BDB562005BA3C9 /* Experiences.swift */; };
		49CB6F2927BEE798005BA3C9 /* Support.swift in Sources */ = {isa = PBXBuildFile; fileRef = 49CB6F2827BEE798005BA3C9 /* Support.swift */; };
		49CB6F2B27C13568005BA3C9 /* Explore.swift in Sources */ = {isa = PBXBuildFile; fileRef = 49CB6F2A27C13568005BA3C9 /* Explore.swift */; };
/* End PBXBuildFile section */

/* Begin PBXContainerItemProxy section */
		4966D9AD27BC1D0000F9C37F /* PBXContainerItemProxy */ = {
			isa = PBXContainerItemProxy;
			containerPortal = 4966D99327BC1CFF00F9C37F /* Project object */;
			proxyType = 1;
			remoteGlobalIDString = 4966D99E27BC1D0000F9C37F;
			remoteInfo = "Sperimentare (iOS)";
		};
		4966D9B927BC1D0000F9C37F /* PBXContainerItemProxy */ = {
			isa = PBXContainerItemProxy;
			containerPortal = 4966D99327BC1CFF00F9C37F /* Project object */;
			proxyType = 1;
			remoteGlobalIDString = 4966D9A427BC1D0000F9C37F;
			remoteInfo = "Sperimentare (macOS)";
		};
/* End PBXContainerItemProxy section */

/* Begin PBXFileReference section */
		4966D99827BC1CFF00F9C37F /* SperimentareApp.swift */ = {isa = PBXFileReference; lastKnownFileType = sourcecode.swift; path = SperimentareApp.swift; sourceTree = "<group>"; };
		4966D99927BC1CFF00F9C37F /* ContentView.swift */ = {isa = PBXFileReference; lastKnownFileType = sourcecode.swift; path = ContentView.swift; sourceTree = "<group>"; };
		4966D99A27BC1D0000F9C37F /* Assets.xcassets */ = {isa = PBXFileReference; lastKnownFileType = folder.assetcatalog; path = Assets.xcassets; sourceTree = "<group>"; };
		4966D99F27BC1D0000F9C37F /* Sperimentare.app */ = {isa = PBXFileReference; explicitFileType = wrapper.application; includeInIndex = 0; path = Sperimentare.app; sourceTree = BUILT_PRODUCTS_DIR; };
		4966D9A527BC1D0000F9C37F /* Sperimentare.app */ = {isa = PBXFileReference; explicitFileType = wrapper.application; includeInIndex = 0; path = Sperimentare.app; sourceTree = BUILT_PRODUCTS_DIR; };
		4966D9A727BC1D0000F9C37F /* macOS.entitlements */ = {isa = PBXFileReference; lastKnownFileType = text.plist.entitlements; path = macOS.entitlements; sourceTree = "<group>"; };
		4966D9AC27BC1D0000F9C37F /* Tests iOS.xctest */ = {isa = PBXFileReference; explicitFileType = wrapper.cfbundle; includeInIndex = 0; path = "Tests iOS.xctest"; sourceTree = BUILT_PRODUCTS_DIR; };
		4966D9B027BC1D0000F9C37F /* Tests_iOS.swift */ = {isa = PBXFileReference; lastKnownFileType = sourcecode.swift; path = Tests_iOS.swift; sourceTree = "<group>"; };
		4966D9B227BC1D0000F9C37F /* Tests_iOSLaunchTests.swift */ = {isa = PBXFileReference; lastKnownFileType = sourcecode.swift; path = Tests_iOSLaunchTests.swift; sourceTree = "<group>"; };
		4966D9B827BC1D0000F9C37F /* Tests macOS.xctest */ = {isa = PBXFileReference; explicitFileType = wrapper.cfbundle; includeInIndex = 0; path = "Tests macOS.xctest"; sourceTree = BUILT_PRODUCTS_DIR; };
		4966D9BC27BC1D0000F9C37F /* Tests_macOS.swift */ = {isa = PBXFileReference; lastKnownFileType = sourcecode.swift; path = Tests_macOS.swift; sourceTree = "<group>"; };
		4966D9BE27BC1D0000F9C37F /* Tests_macOSLaunchTests.swift */ = {isa = PBXFileReference; lastKnownFileType = sourcecode.swift; path = Tests_macOSLaunchTests.swift; sourceTree = "<group>"; };
		4966D9D427BC606500F9C37F /* Inspiration.swift */ = {isa = PBXFileReference; lastKnownFileType = sourcecode.swift; path = Inspiration.swift; sourceTree = "<group>"; };
		4966D9D727BC608D00F9C37F /* Search.swift */ = {isa = PBXFileReference; lastKnownFileType = sourcecode.swift; path = Search.swift; sourceTree = "<group>"; };
		49CB6EFB27BDB42F005BA3C9 /* himalaya.png */ = {isa = PBXFileReference; lastKnownFileType = image.png; path = himalaya.png; sourceTree = "<group>"; };
		49CB6EFD27BDB53B005BA3C9 /* NotSureView.swift */ = {isa = PBXFileReference; lastKnownFileType = sourcecode.swift; path = NotSureView.swift; sourceTree = "<group>"; };
		49CB6EFF27BDB562005BA3C9 /* Experiences.swift */ = {isa = PBXFileReference; lastKnownFileType = sourcecode.swift; path = Experiences.swift; sourceTree = "<group>"; };
		49CB6F2827BEE798005BA3C9 /* Support.swift */ = {isa = PBXFileReference; lastKnownFileType = sourcecode.swift; path = Support.swift; sourceTree = "<group>"; };
		49CB6F2A27C13568005BA3C9 /* Explore.swift */ = {isa = PBXFileReference; lastKnownFileType = sourcecode.swift; path = Explore.swift; sourceTree = "<group>"; };
/* End PBXFileReference section */

/* Begin PBXFrameworksBuildPhase section */
		4966D99C27BC1D0000F9C37F /* Frameworks */ = {
			isa = PBXFrameworksBuildPhase;
			buildActionMask = 2147483647;
			files = (
			);
			runOnlyForDeploymentPostprocessing = 0;
		};
		4966D9A227BC1D0000F9C37F /* Frameworks */ = {
			isa = PBXFrameworksBuildPhase;
			buildActionMask = 2147483647;
			files = (
			);
			runOnlyForDeploymentPostprocessing = 0;
		};
		4966D9A927BC1D0000F9C37F /* Frameworks */ = {
			isa = PBXFrameworksBuildPhase;
			buildActionMask = 2147483647;
			files = (
			);
			runOnlyForDeploymentPostprocessing = 0;
		};
		4966D9B527BC1D0000F9C37F /* Frameworks */ = {
			isa = PBXFrameworksBuildPhase;
			buildActionMask = 2147483647;
			files = (
			);
			runOnlyForDeploymentPostprocessing = 0;
		};
/* End PBXFrameworksBuildPhase section */

/* Begin PBXGroup section */
		4966D99227BC1CFF00F9C37F = {
			isa = PBXGroup;
			children = (
				4966D99727BC1CFF00F9C37F /* Shared */,
				4966D9A627BC1D0000F9C37F /* macOS */,
				4966D9AF27BC1D0000F9C37F /* Tests iOS */,
				4966D9BB27BC1D0000F9C37F /* Tests macOS */,
				4966D9A027BC1D0000F9C37F /* Products */,
			);
			sourceTree = "<group>";
		};
		4966D99727BC1CFF00F9C37F /* Shared */ = {
			isa = PBXGroup;
			children = (
				49CB6EFA27BDB422005BA3C9 /* Resources */,
				4966D99827BC1CFF00F9C37F /* SperimentareApp.swift */,
				4966D99927BC1CFF00F9C37F /* ContentView.swift */,
				49CB6F2A27C13568005BA3C9 /* Explore.swift */,
				49CB6EFF27BDB562005BA3C9 /* Experiences.swift */,
				49CB6EFD27BDB53B005BA3C9 /* NotSureView.swift */,
				49CB6F2827BEE798005BA3C9 /* Support.swift */,
				4966D9D727BC608D00F9C37F /* Search.swift */,
				4966D9D427BC606500F9C37F /* Inspiration.swift */,
				4966D99A27BC1D0000F9C37F /* Assets.xcassets */,
			);
			path = Shared;
			sourceTree = "<group>";
		};
		4966D9A027BC1D0000F9C37F /* Products */ = {
			isa = PBXGroup;
			children = (
				4966D99F27BC1D0000F9C37F /* Sperimentare.app */,
				4966D9A527BC1D0000F9C37F /* Sperimentare.app */,
				4966D9AC27BC1D0000F9C37F /* Tests iOS.xctest */,
				4966D9B827BC1D0000F9C37F /* Tests macOS.xctest */,
			);
			name = Products;
			sourceTree = "<group>";
		};
		4966D9A627BC1D0000F9C37F /* macOS */ = {
			isa = PBXGroup;
			children = (
				4966D9A727BC1D0000F9C37F /* macOS.entitlements */,
			);
			path = macOS;
			sourceTree = "<group>";
		};
		4966D9AF27BC1D0000F9C37F /* Tests iOS */ = {
			isa = PBXGroup;
			children = (
				4966D9B027BC1D0000F9C37F /* Tests_iOS.swift */,
				4966D9B227BC1D0000F9C37F /* Tests_iOSLaunchTests.swift */,
			);
			path = "Tests iOS";
			sourceTree = "<group>";
		};
		4966D9BB27BC1D0000F9C37F /* Tests macOS */ = {
			isa = PBXGroup;
			children = (
				4966D9BC27BC1D0000F9C37F /* Tests_macOS.swift */,
				4966D9BE27BC1D0000F9C37F /* Tests_macOSLaunchTests.swift */,
			);
			path = "Tests macOS";
			sourceTree = "<group>";
		};
		49CB6EFA27BDB422005BA3C9 /* Resources */ = {
			isa = PBXGroup;
			children = (
				49CB6EFB27BDB42F005BA3C9 /* himalaya.png */,
			);
			path = Resources;
			sourceTree = "<group>";
		};
/* End PBXGroup section */

/* Begin PBXNativeTarget section */
		4966D99E27BC1D0000F9C37F /* Sperimentare (iOS) */ = {
			isa = PBXNativeTarget;
			buildConfigurationList = 4966D9C827BC1D0000F9C37F /* Build configuration list for PBXNativeTarget "Sperimentare (iOS)" */;
			buildPhases = (
				4966D99B27BC1D0000F9C37F /* Sources */,
				4966D99C27BC1D0000F9C37F /* Frameworks */,
				4966D99D27BC1D0000F9C37F /* Resources */,
			);
			buildRules = (
			);
			dependencies = (
			);
			name = "Sperimentare (iOS)";
			productName = "Sperimentare (iOS)";
			productReference = 4966D99F27BC1D0000F9C37F /* Sperimentare.app */;
			productType = "com.apple.product-type.application";
		};
		4966D9A427BC1D0000F9C37F /* Sperimentare (macOS) */ = {
			isa = PBXNativeTarget;
			buildConfigurationList = 4966D9CB27BC1D0000F9C37F /* Build configuration list for PBXNativeTarget "Sperimentare (macOS)" */;
			buildPhases = (
				4966D9A127BC1D0000F9C37F /* Sources */,
				4966D9A227BC1D0000F9C37F /* Frameworks */,
				4966D9A327BC1D0000F9C37F /* Resources */,
			);
			buildRules = (
			);
			dependencies = (
			);
			name = "Sperimentare (macOS)";
			productName = "Sperimentare (macOS)";
			productReference = 4966D9A527BC1D0000F9C37F /* Sperimentare.app */;
			productType = "com.apple.product-type.application";
		};
		4966D9AB27BC1D0000F9C37F /* Tests iOS */ = {
			isa = PBXNativeTarget;
			buildConfigurationList = 4966D9CE27BC1D0000F9C37F /* Build configuration list for PBXNativeTarget "Tests iOS" */;
			buildPhases = (
				4966D9A827BC1D0000F9C37F /* Sources */,
				4966D9A927BC1D0000F9C37F /* Frameworks */,
				4966D9AA27BC1D0000F9C37F /* Resources */,
			);
			buildRules = (
			);
			dependencies = (
				4966D9AE27BC1D0000F9C37F /* PBXTargetDependency */,
			);
			name = "Tests iOS";
			productName = "Tests iOS";
			productReference = 4966D9AC27BC1D0000F9C37F /* Tests iOS.xctest */;
			productType = "com.apple.product-type.bundle.ui-testing";
		};
		4966D9B727BC1D0000F9C37F /* Tests macOS */ = {
			isa = PBXNativeTarget;
			buildConfigurationList = 4966D9D127BC1D0000F9C37F /* Build configuration list for PBXNativeTarget "Tests macOS" */;
			buildPhases = (
				4966D9B427BC1D0000F9C37F /* Sources */,
				4966D9B527BC1D0000F9C37F /* Frameworks */,
				4966D9B627BC1D0000F9C37F /* Resources */,
			);
			buildRules = (
			);
			dependencies = (
				4966D9BA27BC1D0000F9C37F /* PBXTargetDependency */,
			);
			name = "Tests macOS";
			productName = "Tests macOS";
			productReference = 4966D9B827BC1D0000F9C37F /* Tests macOS.xctest */;
			productType = "com.apple.product-type.bundle.ui-testing";
		};
/* End PBXNativeTarget section */

/* Begin PBXProject section */
		4966D99327BC1CFF00F9C37F /* Project object */ = {
			isa = PBXProject;
			attributes = {
				BuildIndependentTargetsInParallel = 1;
				LastSwiftUpdateCheck = 1320;
				LastUpgradeCheck = 1320;
				TargetAttributes = {
					4966D99E27BC1D0000F9C37F = {
						CreatedOnToolsVersion = 13.2.1;
					};
					4966D9A427BC1D0000F9C37F = {
						CreatedOnToolsVersion = 13.2.1;
					};
					4966D9AB27BC1D0000F9C37F = {
						CreatedOnToolsVersion = 13.2.1;
						TestTargetID = 4966D99E27BC1D0000F9C37F;
					};
					4966D9B727BC1D0000F9C37F = {
						CreatedOnToolsVersion = 13.2.1;
						TestTargetID = 4966D9A427BC1D0000F9C37F;
					};
				};
			};
			buildConfigurationList = 4966D99627BC1CFF00F9C37F /* Build configuration list for PBXProject "Sperimentare" */;
			compatibilityVersion = "Xcode 13.0";
			developmentRegion = en;
			hasScannedForEncodings = 0;
			knownRegions = (
				en,
				Base,
			);
			mainGroup = 4966D99227BC1CFF00F9C37F;
			productRefGroup = 4966D9A027BC1D0000F9C37F /* Products */;
			projectDirPath = "";
			projectRoot = "";
			targets = (
				4966D99E27BC1D0000F9C37F /* Sperimentare (iOS) */,
				4966D9A427BC1D0000F9C37F /* Sperimentare (macOS) */,
				4966D9AB27BC1D0000F9C37F /* Tests iOS */,
				4966D9B727BC1D0000F9C37F /* Tests macOS */,
			);
		};
/* End PBXProject section */

/* Begin PBXResourcesBuildPhase section */
		4966D99D27BC1D0000F9C37F /* Resources */ = {
			isa = PBXResourcesBuildPhase;
			buildActionMask = 2147483647;
			files = (
				4966D9C427BC1D0000F9C37F /* Assets.xcassets in Resources */,
				49CB6EFC27BDB42F005BA3C9 /* himalaya.png in Resources */,
			);
			runOnlyForDeploymentPostprocessing = 0;
		};
		4966D9A327BC1D0000F9C37F /* Resources */ = {
			isa = PBXResourcesBuildPhase;
			buildActionMask = 2147483647;
			files = (
				4966D9C527BC1D0000F9C37F /* Assets.xcassets in Resources */,
			);
			runOnlyForDeploymentPostprocessing = 0;
		};
		4966D9AA27BC1D0000F9C37F /* Resources */ = {
			isa = PBXResourcesBuildPhase;
			buildActionMask = 2147483647;
			files = (
			);
			runOnlyForDeploymentPostprocessing = 0;
		};
		4966D9B627BC1D0000F9C37F /* Resources */ = {
			isa = PBXResourcesBuildPhase;
			buildActionMask = 2147483647;
			files = (
			);
			runOnlyForDeploymentPostprocessing = 0;
		};
/* End PBXResourcesBuildPhase section */

/* Begin PBXSourcesBuildPhase section */
		4966D99B27BC1D0000F9C37F /* Sources */ = {
			isa = PBXSourcesBuildPhase;
			buildActionMask = 2147483647;
			files = (
				49CB6F2927BEE798005BA3C9 /* Support.swift in Sources */,
				4966D9D527BC606500F9C37F /* Inspiration.swift in Sources */,
				4966D9D827BC608D00F9C37F /* Search.swift in Sources */,
				4966D9C227BC1D0000F9C37F /* ContentView.swift in Sources */,
				49CB6EFE27BDB53B005BA3C9 /* NotSureView.swift in Sources */,
				4966D9C027BC1D0000F9C37F /* SperimentareApp.swift in Sources */,
				49CB6F0027BDB562005BA3C9 /* Experiences.swift in Sources */,
				49CB6F2B27C13568005BA3C9 /* Explore.swift in Sources */,
			);
			runOnlyForDeploymentPostprocessing = 0;
		};
		4966D9A127BC1D0000F9C37F /* Sources */ = {
			isa = PBXSourcesBuildPhase;
			buildActionMask = 2147483647;
			files = (
				4966D9D627BC606500F9C37F /* Inspiration.swift in Sources */,
				4966D9D927BC608D00F9C37F /* Search.swift in Sources */,
				4966D9C327BC1D0000F9C37F /* ContentView.swift in Sources */,
				4966D9C127BC1D0000F9C37F /* SperimentareApp.swift in Sources */,
			);
			runOnlyForDeploymentPostprocessing = 0;
		};
		4966D9A827BC1D0000F9C37F /* Sources */ = {
			isa = PBXSourcesBuildPhase;
			buildActionMask = 2147483647;
			files = (
				4966D9B327BC1D0000F9C37F /* Tests_iOSLaunchTests.swift in Sources */,
				4966D9B127BC1D0000F9C37F /* Tests_iOS.swift in Sources */,
			);
			runOnlyForDeploymentPostprocessing = 0;
		};
		4966D9B427BC1D0000F9C37F /* Sources */ = {
			isa = PBXSourcesBuildPhase;
			buildActionMask = 2147483647;
			files = (
				4966D9BF27BC1D0000F9C37F /* Tests_macOSLaunchTests.swift in Sources */,
				4966D9BD27BC1D0000F9C37F /* Tests_macOS.swift in Sources */,
			);
			runOnlyForDeploymentPostprocessing = 0;
		};
/* End PBXSourcesBuildPhase section */

/* Begin PBXTargetDependency section */
		4966D9AE27BC1D0000F9C37F /* PBXTargetDependency */ = {
			isa = PBXTargetDependency;
			target = 4966D99E27BC1D0000F9C37F /* Sperimentare (iOS) */;
			targetProxy = 4966D9AD27BC1D0000F9C37F /* PBXContainerItemProxy */;
		};
		4966D9BA27BC1D0000F9C37F /* PBXTargetDependency */ = {
			isa = PBXTargetDependency;
			target = 4966D9A427BC1D0000F9C37F /* Sperimentare (macOS) */;
			targetProxy = 4966D9B927BC1D0000F9C37F /* PBXContainerItemProxy */;
		};
/* End PBXTargetDependency section */

/* Begin XCBuildConfiguration section */
		4966D9C627BC1D0000F9C37F /* Debug */ = {
			isa = XCBuildConfiguration;
			buildSettings = {
				ALWAYS_SEARCH_USER_PATHS = NO;
				CLANG_ANALYZER_NONNULL = YES;
				CLANG_ANALYZER_NUMBER_OBJECT_CONVERSION = YES_AGGRESSIVE;
				CLANG_CXX_LANGUAGE_STANDARD = "gnu++17";
				CLANG_CXX_LIBRARY = "libc++";
				CLANG_ENABLE_MODULES = YES;
				CLANG_ENABLE_OBJC_ARC = YES;
				CLANG_ENABLE_OBJC_WEAK = YES;
				CLANG_WARN_BLOCK_CAPTURE_AUTORELEASING = YES;
				CLANG_WARN_BOOL_CONVERSION = YES;
				CLANG_WARN_COMMA = YES;
				CLANG_WARN_CONSTANT_CONVERSION = YES;
				CLANG_WARN_DEPRECATED_OBJC_IMPLEMENTATIONS = YES;
				CLANG_WARN_DIRECT_OBJC_ISA_USAGE = YES_ERROR;
				CLANG_WARN_DOCUMENTATION_COMMENTS = YES;
				CLANG_WARN_EMPTY_BODY = YES;
				CLANG_WARN_ENUM_CONVERSION = YES;
				CLANG_WARN_INFINITE_RECURSION = YES;
				CLANG_WARN_INT_CONVERSION = YES;
				CLANG_WARN_NON_LITERAL_NULL_CONVERSION = YES;
				CLANG_WARN_OBJC_IMPLICIT_RETAIN_SELF = YES;
				CLANG_WARN_OBJC_LITERAL_CONVERSION = YES;
				CLANG_WARN_OBJC_ROOT_CLASS = YES_ERROR;
				CLANG_WARN_QUOTED_INCLUDE_IN_FRAMEWORK_HEADER = YES;
				CLANG_WARN_RANGE_LOOP_ANALYSIS = YES;
				CLANG_WARN_STRICT_PROTOTYPES = YES;
				CLANG_WARN_SUSPICIOUS_MOVE = YES;
				CLANG_WARN_UNGUARDED_AVAILABILITY = YES_AGGRESSIVE;
				CLANG_WARN_UNREACHABLE_CODE = YES;
				CLANG_WARN__DUPLICATE_METHOD_MATCH = YES;
				COPY_PHASE_STRIP = NO;
				DEBUG_INFORMATION_FORMAT = dwarf;
				ENABLE_STRICT_OBJC_MSGSEND = YES;
				ENABLE_TESTABILITY = YES;
				GCC_C_LANGUAGE_STANDARD = gnu11;
				GCC_DYNAMIC_NO_PIC = NO;
				GCC_NO_COMMON_BLOCKS = YES;
				GCC_OPTIMIZATION_LEVEL = 0;
				GCC_PREPROCESSOR_DEFINITIONS = (
					"DEBUG=1",
					"$(inherited)",
				);
				GCC_WARN_64_TO_32_BIT_CONVERSION = YES;
				GCC_WARN_ABOUT_RETURN_TYPE = YES_ERROR;
				GCC_WARN_UNDECLARED_SELECTOR = YES;
				GCC_WARN_UNINITIALIZED_AUTOS = YES_AGGRESSIVE;
				GCC_WARN_UNUSED_FUNCTION = YES;
				GCC_WARN_UNUSED_VARIABLE = YES;
				MTL_ENABLE_DEBUG_INFO = INCLUDE_SOURCE;
				MTL_FAST_MATH = YES;
				ONLY_ACTIVE_ARCH = YES;
				SWIFT_ACTIVE_COMPILATION_CONDITIONS = DEBUG;
				SWIFT_OPTIMIZATION_LEVEL = "-Onone";
			};
			name = Debug;
		};
		4966D9C727BC1D0000F9C37F /* Release */ = {
			isa = XCBuildConfiguration;
			buildSettings = {
				ALWAYS_SEARCH_USER_PATHS = NO;
				CLANG_ANALYZER_NONNULL = YES;
				CLANG_ANALYZER_NUMBER_OBJECT_CONVERSION = YES_AGGRESSIVE;
				CLANG_CXX_LANGUAGE_STANDARD = "gnu++17";
				CLANG_CXX_LIBRARY = "libc++";
				CLANG_ENABLE_MODULES = YES;
				CLANG_ENABLE_OBJC_ARC = YES;
				CLANG_ENABLE_OBJC_WEAK = YES;
				CLANG_WARN_BLOCK_CAPTURE_AUTORELEASING = YES;
				CLANG_WARN_BOOL_CONVERSION = YES;
				CLANG_WARN_COMMA = YES;
				CLANG_WARN_CONSTANT_CONVERSION = YES;
				CLANG_WARN_DEPRECATED_OBJC_IMPLEMENTATIONS = YES;
				CLANG_WARN_DIRECT_OBJC_ISA_USAGE = YES_ERROR;
				CLANG_WARN_DOCUMENTATION_COMMENTS = YES;
				CLANG_WARN_EMPTY_BODY = YES;
				CLANG_WARN_ENUM_CONVERSION = YES;
				CLANG_WARN_INFINITE_RECURSION = YES;
				CLANG_WARN_INT_CONVERSION = YES;
				CLANG_WARN_NON_LITERAL_NULL_CONVERSION = YES;
				CLANG_WARN_OBJC_IMPLICIT_RETAIN_SELF = YES;
				CLANG_WARN_OBJC_LITERAL_CONVERSION = YES;
				CLANG_WARN_OBJC_ROOT_CLASS = YES_ERROR;
				CLANG_WARN_QUOTED_INCLUDE_IN_FRAMEWORK_HEADER = YES;
				CLANG_WARN_RANGE_LOOP_ANALYSIS = YES;
				CLANG_WARN_STRICT_PROTOTYPES = YES;
				CLANG_WARN_SUSPICIOUS_MOVE = YES;
				CLANG_WARN_UNGUARDED_AVAILABILITY = YES_AGGRESSIVE;
				CLANG_WARN_UNREACHABLE_CODE = YES;
				CLANG_WARN__DUPLICATE_METHOD_MATCH = YES;
				COPY_PHASE_STRIP = NO;
				DEBUG_INFORMATION_FORMAT = "dwarf-with-dsym";
				ENABLE_NS_ASSERTIONS = NO;
				ENABLE_STRICT_OBJC_MSGSEND = YES;
				GCC_C_LANGUAGE_STANDARD = gnu11;
				GCC_NO_COMMON_BLOCKS = YES;
				GCC_WARN_64_TO_32_BIT_CONVERSION = YES;
				GCC_WARN_ABOUT_RETURN_TYPE = YES_ERROR;
				GCC_WARN_UNDECLARED_SELECTOR = YES;
				GCC_WARN_UNINITIALIZED_AUTOS = YES_AGGRESSIVE;
				GCC_WARN_UNUSED_FUNCTION = YES;
				GCC_WARN_UNUSED_VARIABLE = YES;
				MTL_ENABLE_DEBUG_INFO = NO;
				MTL_FAST_MATH = YES;
				SWIFT_COMPILATION_MODE = wholemodule;
				SWIFT_OPTIMIZATION_LEVEL = "-O";
			};
			name = Release;
		};
		4966D9C927BC1D0000F9C37F /* Debug */ = {
			isa = XCBuildConfiguration;
			buildSettings = {
				ASSETCATALOG_COMPILER_APPICON_NAME = AppIcon;
				ASSETCATALOG_COMPILER_GLOBAL_ACCENT_COLOR_NAME = AccentColor;
				CODE_SIGN_STYLE = Automatic;
				CURRENT_PROJECT_VERSION = 1;
				DEVELOPMENT_TEAM = 24CJK7L993;
				ENABLE_PREVIEWS = YES;
				GENERATE_INFOPLIST_FILE = YES;
				INFOPLIST_KEY_UIApplicationSceneManifest_Generation = YES;
				INFOPLIST_KEY_UIApplicationSupportsIndirectInputEvents = YES;
				INFOPLIST_KEY_UILaunchScreen_Generation = YES;
				INFOPLIST_KEY_UISupportedInterfaceOrientations_iPad = "UIInterfaceOrientationPortrait UIInterfaceOrientationPortraitUpsideDown UIInterfaceOrientationLandscapeLeft UIInterfaceOrientationLandscapeRight";
				INFOPLIST_KEY_UISupportedInterfaceOrientations_iPhone = "UIInterfaceOrientationPortrait UIInterfaceOrientationLandscapeLeft UIInterfaceOrientationLandscapeRight";
				IPHONEOS_DEPLOYMENT_TARGET = 15.2;
				LD_RUNPATH_SEARCH_PATHS = (
					"$(inherited)",
					"@executable_path/Frameworks",
				);
				MARKETING_VERSION = 1.0;
				PRODUCT_BUNDLE_IDENTIFIER = com.ikvotaw.Sperimentare;
				PRODUCT_NAME = Sperimentare;
				SDKROOT = iphoneos;
				SWIFT_EMIT_LOC_STRINGS = YES;
				SWIFT_VERSION = 5.0;
				TARGETED_DEVICE_FAMILY = "1,2";
			};
			name = Debug;
		};
		4966D9CA27BC1D0000F9C37F /* Release */ = {
			isa = XCBuildConfiguration;
			buildSettings = {
				ASSETCATALOG_COMPILER_APPICON_NAME = AppIcon;
				ASSETCATALOG_COMPILER_GLOBAL_ACCENT_COLOR_NAME = AccentColor;
				CODE_SIGN_STYLE = Automatic;
				CURRENT_PROJECT_VERSION = 1;
				DEVELOPMENT_TEAM = 24CJK7L993;
				ENABLE_PREVIEWS = YES;
				GENERATE_INFOPLIST_FILE = YES;
				INFOPLIST_KEY_UIApplicationSceneManifest_Generation = YES;
				INFOPLIST_KEY_UIApplicationSupportsIndirectInputEvents = YES;
				INFOPLIST_KEY_UILaunchScreen_Generation = YES;
				INFOPLIST_KEY_UISupportedInterfaceOrientations_iPad = "UIInterfaceOrientationPortrait UIInterfaceOrientationPortraitUpsideDown UIInterfaceOrientationLandscapeLeft UIInterfaceOrientationLandscapeRight";
				INFOPLIST_KEY_UISupportedInterfaceOrientations_iPhone = "UIInterfaceOrientationPortrait UIInterfaceOrientationLandscapeLeft UIInterfaceOrientationLandscapeRight";
				IPHONEOS_DEPLOYMENT_TARGET = 15.2;
				LD_RUNPATH_SEARCH_PATHS = (
					"$(inherited)",
					"@executable_path/Frameworks",
				);
				MARKETING_VERSION = 1.0;
				PRODUCT_BUNDLE_IDENTIFIER = com.ikvotaw.Sperimentare;
				PRODUCT_NAME = Sperimentare;
				SDKROOT = iphoneos;
				SWIFT_EMIT_LOC_STRINGS = YES;
				SWIFT_VERSION = 5.0;
				TARGETED_DEVICE_FAMILY = "1,2";
				VALIDATE_PRODUCT = YES;
			};
			name = Release;
		};
		4966D9CC27BC1D0000F9C37F /* Debug */ = {
			isa = XCBuildConfiguration;
			buildSettings = {
				ASSETCATALOG_COMPILER_APPICON_NAME = AppIcon;
				ASSETCATALOG_COMPILER_GLOBAL_ACCENT_COLOR_NAME = AccentColor;
				CODE_SIGN_ENTITLEMENTS = macOS/macOS.entitlements;
				CODE_SIGN_STYLE = Automatic;
				COMBINE_HIDPI_IMAGES = YES;
				CURRENT_PROJECT_VERSION = 1;
				DEVELOPMENT_TEAM = 24CJK7L993;
				ENABLE_HARDENED_RUNTIME = YES;
				ENABLE_PREVIEWS = YES;
				GENERATE_INFOPLIST_FILE = YES;
				INFOPLIST_KEY_NSHumanReadableCopyright = "";
				LD_RUNPATH_SEARCH_PATHS = (
					"$(inherited)",
					"@executable_path/../Frameworks",
				);
				MACOSX_DEPLOYMENT_TARGET = 12.1;
				MARKETING_VERSION = 1.0;
				PRODUCT_BUNDLE_IDENTIFIER = com.ikvotaw.Sperimentare;
				PRODUCT_NAME = Sperimentare;
				SDKROOT = macosx;
				SWIFT_EMIT_LOC_STRINGS = YES;
				SWIFT_VERSION = 5.0;
			};
			name = Debug;
		};
		4966D9CD27BC1D0000F9C37F /* Release */ = {
			isa = XCBuildConfiguration;
			buildSettings = {
				ASSETCATALOG_COMPILER_APPICON_NAME = AppIcon;
				ASSETCATALOG_COMPILER_GLOBAL_ACCENT_COLOR_NAME = AccentColor;
				CODE_SIGN_ENTITLEMENTS = macOS/macOS.entitlements;
				CODE_SIGN_STYLE = Automatic;
				COMBINE_HIDPI_IMAGES = YES;
				CURRENT_PROJECT_VERSION = 1;
				DEVELOPMENT_TEAM = 24CJK7L993;
				ENABLE_HARDENED_RUNTIME = YES;
				ENABLE_PREVIEWS = YES;
				GENERATE_INFOPLIST_FILE = YES;
				INFOPLIST_KEY_NSHumanReadableCopyright = "";
				LD_RUNPATH_SEARCH_PATHS = (
					"$(inherited)",
					"@executable_path/../Frameworks",
				);
				MACOSX_DEPLOYMENT_TARGET = 12.1;
				MARKETING_VERSION = 1.0;
				PRODUCT_BUNDLE_IDENTIFIER = com.ikvotaw.Sperimentare;
				PRODUCT_NAME = Sperimentare;
				SDKROOT = macosx;
				SWIFT_EMIT_LOC_STRINGS = YES;
				SWIFT_VERSION = 5.0;
			};
			name = Release;
		};
		4966D9CF27BC1D0000F9C37F /* Debug */ = {
			isa = XCBuildConfiguration;
			buildSettings = {
				ALWAYS_EMBED_SWIFT_STANDARD_LIBRARIES = YES;
				CODE_SIGN_STYLE = Automatic;
				CURRENT_PROJECT_VERSION = 1;
				DEVELOPMENT_TEAM = 24CJK7L993;
				GENERATE_INFOPLIST_FILE = YES;
				IPHONEOS_DEPLOYMENT_TARGET = 15.2;
				MARKETING_VERSION = 1.0;
				PRODUCT_BUNDLE_IDENTIFIER = "com.ikvotaw.Tests-iOS";
				PRODUCT_NAME = "$(TARGET_NAME)";
				SDKROOT = iphoneos;
				SWIFT_EMIT_LOC_STRINGS = NO;
				SWIFT_VERSION = 5.0;
				TARGETED_DEVICE_FAMILY = "1,2";
				TEST_TARGET_NAME = "Sperimentare (iOS)";
			};
			name = Debug;
		};
		4966D9D027BC1D0000F9C37F /* Release */ = {
			isa = XCBuildConfiguration;
			buildSettings = {
				ALWAYS_EMBED_SWIFT_STANDARD_LIBRARIES = YES;
				CODE_SIGN_STYLE = Automatic;
				CURRENT_PROJECT_VERSION = 1;
				DEVELOPMENT_TEAM = 24CJK7L993;
				GENERATE_INFOPLIST_FILE = YES;
				IPHONEOS_DEPLOYMENT_TARGET = 15.2;
				MARKETING_VERSION = 1.0;
				PRODUCT_BUNDLE_IDENTIFIER = "com.ikvotaw.Tests-iOS";
				PRODUCT_NAME = "$(TARGET_NAME)";
				SDKROOT = iphoneos;
				SWIFT_EMIT_LOC_STRINGS = NO;
				SWIFT_VERSION = 5.0;
				TARGETED_DEVICE_FAMILY = "1,2";
				TEST_TARGET_NAME = "Sperimentare (iOS)";
				VALIDATE_PRODUCT = YES;
			};
			name = Release;
		};
		4966D9D227BC1D0000F9C37F /* Debug */ = {
			isa = XCBuildConfiguration;
			buildSettings = {
				ALWAYS_EMBED_SWIFT_STANDARD_LIBRARIES = YES;
				CODE_SIGN_STYLE = Automatic;
				CURRENT_PROJECT_VERSION = 1;
				DEVELOPMENT_TEAM = 24CJK7L993;
				GENERATE_INFOPLIST_FILE = YES;
				MACOSX_DEPLOYMENT_TARGET = 12.1;
				MARKETING_VERSION = 1.0;
				PRODUCT_BUNDLE_IDENTIFIER = "com.ikvotaw.Tests-macOS";
				PRODUCT_NAME = "$(TARGET_NAME)";
				SDKROOT = macosx;
				SWIFT_EMIT_LOC_STRINGS = NO;
				SWIFT_VERSION = 5.0;
				TEST_TARGET_NAME = "Sperimentare (macOS)";
			};
			name = Debug;
		};
		4966D9D327BC1D0000F9C37F /* Release */ = {
			isa = XCBuildConfiguration;
			buildSettings = {
				ALWAYS_EMBED_SWIFT_STANDARD_LIBRARIES = YES;
				CODE_SIGN_STYLE = Automatic;
				CURRENT_PROJECT_VERSION = 1;
				DEVELOPMENT_TEAM = 24CJK7L993;
				GENERATE_INFOPLIST_FILE = YES;
				MACOSX_DEPLOYMENT_TARGET = 12.1;
				MARKETING_VERSION = 1.0;
				PRODUCT_BUNDLE_IDENTIFIER = "com.ikvotaw.Tests-macOS";
				PRODUCT_NAME = "$(TARGET_NAME)";
				SDKROOT = macosx;
				SWIFT_EMIT_LOC_STRINGS = NO;
				SWIFT_VERSION = 5.0;
				TEST_TARGET_NAME = "Sperimentare (macOS)";
			};
			name = Release;
		};
/* End XCBuildConfiguration section */

/* Begin XCConfigurationList section */
		4966D99627BC1CFF00F9C37F /* Build configuration list for PBXProject "Sperimentare" */ = {
			isa = XCConfigurationList;
			buildConfigurations = (
				4966D9C627BC1D0000F9C37F /* Debug */,
				4966D9C727BC1D0000F9C37F /* Release */,
			);
			defaultConfigurationIsVisible = 0;
			defaultConfigurationName = Release;
		};
		4966D9C827BC1D0000F9C37F /* Build configuration list for PBXNativeTarget "Sperimentare (iOS)" */ = {
			isa = XCConfigurationList;
			buildConfigurations = (
				4966D9C927BC1D0000F9C37F /* Debug */,
				4966D9CA27BC1D0000F9C37F /* Release */,
			);
			defaultConfigurationIsVisible = 0;
			defaultConfigurationName = Release;
		};
		4966D9CB27BC1D0000F9C37F /* Build configuration list for PBXNativeTarget "Sperimentare (macOS)" */ = {
			isa = XCConfigurationList;
			buildConfigurations = (
				4966D9CC27BC1D0000F9C37F /* Debug */,
				4966D9CD27BC1D0000F9C37F /* Release */,
			);
			defaultConfigurationIsVisible = 0;
			defaultConfigurationName = Release;
		};
		4966D9CE27BC1D0000F9C37F /* Build configuration list for PBXNativeTarget "Tests iOS" */ = {
			isa = XCConfigurationList;
			buildConfigurations = (
				4966D9CF27BC1D0000F9C37F /* Debug */,
				4966D9D027BC1D0000F9C37F /* Release */,
			);
			defaultConfigurationIsVisible = 0;
			defaultConfigurationName = Release;
		};
		4966D9D127BC1D0000F9C37F /* Build configuration list for PBXNativeTarget "Tests macOS" */ = {
			isa = XCConfigurationList;
			buildConfigurations = (
				4966D9D227BC1D0000F9C37F /* Debug */,
				4966D9D327BC1D0000F9C37F /* Release */,
			);
			defaultConfigurationIsVisible = 0;
			defaultConfigurationName = Release;
		};
/* End XCConfigurationList section */
	};
	rootObject = 4966D99327BC1CFF00F9C37F /* Project object */;
}
